
Microsoft Visual Studio Solution File, Format Version 12.00
# Visual Studio Version 17
VisualStudioVersion = 17.8.34525.116
MinimumVisualStudioVersion = 10.0.40219.1
Project("{888888A0-9F3D-457C-B088-3A5042F75D52}") = "UserCounterApplication", "UserCounterApplication.pyproj", "{607BBD47-BD25-4F99-938B-513340A22F54}"
EndProject
Global
	GlobalSection(SolutionConfigurationPlatforms) = preSolution
		Debug|Any CPU = Debug|Any CPU
		Release|Any CPU = Release|Any CPU
	EndGlobalSection
	GlobalSection(ProjectConfigurationPlatforms) = postSolution
		{607BBD47-BD25-4F99-938B-513340A22F54}.Debug|Any CPU.ActiveCfg = Debug|Any CPU
		{607BBD47-BD25-4F99-938B-513340A22F54}.Release|Any CPU.ActiveCfg = Release|Any CPU
	EndGlobalSection
	GlobalSection(SolutionProperties) = preSolution
		HideSolutionNode = FALSE
	EndGlobalSection
	GlobalSection(ExtensibilityGlobals) = postSolution
		SolutionGuid = {716E7879-1345-44E8-BD6F-B37B9DA7DD54}
	EndGlobalSection
EndGlobal
